
Microsoft Visual Studio Solution File, Format Version 12.00
# Visual Studio Version 16
VisualStudioVersion = 16.0.29215.179
MinimumVisualStudioVersion = 10.0.40219.1
Project("{FAE04EC0-301F-11D3-BF4B-00C04F79EFBC}") = "EnemyLib", "EnemyLib\EnemyLib.csproj", "{C504B9D4-BFB4-407F-9C75-9513C152FACD}"
EndProject
Global
	GlobalSection(SolutionConfigurationPlatforms) = preSolution
		Debug|Any CPU = Debug|Any CPU
		Release|Any CPU = Release|Any CPU
	EndGlobalSection
	GlobalSection(ProjectConfigurationPlatforms) = postSolution
		{C504B9D4-BFB4-407F-9C75-9513C152FACD}.Debug|Any CPU.ActiveCfg = Debug|Any CPU
		{C504B9D4-BFB4-407F-9C75-9513C152FACD}.Debug|Any CPU.Build.0 = Debug|Any CPU
		{C504B9D4-BFB4-407F-9C75-9513C152FACD}.Release|Any CPU.ActiveCfg = Release|Any CPU
		{C504B9D4-BFB4-407F-9C75-9513C152FACD}.Release|Any CPU.Build.0 = Release|Any CPU
	EndGlobalSection
	GlobalSection(SolutionProperties) = preSolution
		HideSolutionNode = FALSE
	EndGlobalSection
	GlobalSection(ExtensibilityGlobals) = postSolution
		SolutionGuid = {61B5603F-177F-4DBF-905B-9C7E7C5DA8BC}
	EndGlobalSection
EndGlobal
